
Microsoft Visual Studio Solution File, Format Version 12.00
# Visual Studio Version 17
VisualStudioVersion = 17.2.32616.157
MinimumVisualStudioVersion = 10.0.40219.1
Project("{FAE04EC0-301F-11D3-BF4B-00C04F79EFBC}") = "AnythingButCreed", "AnythingButCreed\AnythingButCreed.csproj", "{E8FB66A8-EDE5-4E70-8AB9-219E52255F38}"
EndProject
Global
	GlobalSection(SolutionConfigurationPlatforms) = preSolution
		Debug|Any CPU = Debug|Any CPU
		Release|Any CPU = Release|Any CPU
	EndGlobalSection
	GlobalSection(ProjectConfigurationPlatforms) = postSolution
		{E8FB66A8-EDE5-4E70-8AB9-219E52255F38}.Debug|Any CPU.ActiveCfg = Debug|Any CPU
		{E8FB66A8-EDE5-4E70-8AB9-219E52255F38}.Debug|Any CPU.Build.0 = Debug|Any CPU
		{E8FB66A8-EDE5-4E70-8AB9-219E52255F38}.Release|Any CPU.ActiveCfg = Release|Any CPU
		{E8FB66A8-EDE5-4E70-8AB9-219E52255F38}.Release|Any CPU.Build.0 = Release|Any CPU
	EndGlobalSection
	GlobalSection(SolutionProperties) = preSolution
		HideSolutionNode = FALSE
	EndGlobalSection
	GlobalSection(ExtensibilityGlobals) = postSolution
		SolutionGuid = {33E3B027-0FF4-4E0C-A4A9-6011A8FF5B77}
	EndGlobalSection
EndGlobal
